
Microsoft Visual Studio Solution File, Format Version 12.00
# Visual Studio Version 16
VisualStudioVersion = 16.0.29102.190
MinimumVisualStudioVersion = 10.0.40219.1
Project("{FAE04EC0-301F-11D3-BF4B-00C04F79EFBC}") = "Ashley.WebApi", "Ashley.WebApi\Ashley.WebApi.csproj", "{AD8CC8DD-F765-4707-ACD8-454B6CC15F7A}"
EndProject
Global
	GlobalSection(SolutionConfigurationPlatforms) = preSolution
		Debug|Any CPU = Debug|Any CPU
		Release|Any CPU = Release|Any CPU
	EndGlobalSection
	GlobalSection(ProjectConfigurationPlatforms) = postSolution
		{AD8CC8DD-F765-4707-ACD8-454B6CC15F7A}.Debug|Any CPU.ActiveCfg = Debug|Any CPU
		{AD8CC8DD-F765-4707-ACD8-454B6CC15F7A}.Debug|Any CPU.Build.0 = Debug|Any CPU
		{AD8CC8DD-F765-4707-ACD8-454B6CC15F7A}.Release|Any CPU.ActiveCfg = Release|Any CPU
		{AD8CC8DD-F765-4707-ACD8-454B6CC15F7A}.Release|Any CPU.Build.0 = Release|Any CPU
	EndGlobalSection
	GlobalSection(SolutionProperties) = preSolution
		HideSolutionNode = FALSE
	EndGlobalSection
	GlobalSection(ExtensibilityGlobals) = postSolution
		SolutionGuid = {73049560-E7B9-4ACB-9F70-A5E4B5CA1D08}
	EndGlobalSection
EndGlobal
